// !$*UTF8*$!
{
	archiveVersion = 1;
	classes = {
	};
	objectVersion = 46;
	objects = {

/* Begin PBXBuildFile section */
		F0BEF7F81BB37CDB006140DB /* main.m in Sources */ = {isa = PBXBuildFile; fileRef = F0BEF7F71BB37CDB006140DB /* main.m */; };
		F0BEF7FB1BB37CDB006140DB /* AppDelegate.m in Sources */ = {isa = PBXBuildFile; fileRef = F0BEF7FA1BB37CDB006140DB /* AppDelegate.m */; };
		F0BEF7FE1BB37CDB006140DB /* ViewController.m in Sources */ = {isa = PBXBuildFile; fileRef = F0BEF7FD1BB37CDB006140DB /* ViewController.m */; };
		F0BEF8011BB37CDB006140DB /* Main.storyboard in Resources */ = {isa = PBXBuildFile; fileRef = F0BEF7FF1BB37CDB006140DB /* Main.storyboard */; };
		F0BEF8031BB37CDB006140DB /* Images.xcassets in Resources */ = {isa = PBXBuildFile; fileRef = F0BEF8021BB37CDB006140DB /* Images.xcassets */; };
		F0BEF8061BB37CDB006140DB /* LaunchScreen.xib in Resources */ = {isa = PBXBuildFile; fileRef = F0BEF8041BB37CDB006140DB /* LaunchScreen.xib */; };
		F0BEF8121BB37CDB006140DB /* GestureRecognizerTests.m in Sources */ = {isa = PBXBuildFile; fileRef = F0BEF8111BB37CDB006140DB /* GestureRecognizerTests.m */; };
/* End PBXBuildFile section */

/* Begin PBXContainerItemProxy section */
		F0BEF80C1BB37CDB006140DB /* PBXContainerItemProxy */ = {
			isa = PBXContainerItemProxy;
			containerPortal = F0BEF7EA1BB37CDB006140DB /* Project object */;
			proxyType = 1;
			remoteGlobalIDString = F0BEF7F11BB37CDB006140DB;
			remoteInfo = GestureRecognizer;
		};
/* End PBXContainerItemProxy section */

/* Begin PBXFileReference section */
		F0BEF7F21BB37CDB006140DB /* GestureRecognizer.app */ = {isa = PBXFileReference; explicitFileType = wrapper.application; includeInIndex = 0; path = GestureRecognizer.app; sourceTree = BUILT_PRODUCTS_DIR; };
		F0BEF7F61BB37CDB006140DB /* Info.plist */ = {isa = PBXFileReference; lastKnownFileType = text.plist.xml; path = Info.plist; sourceTree = "<group>"; };
		F0BEF7F71BB37CDB006140DB /* main.m */ = {isa = PBXFileReference; lastKnownFileType = sourcecode.c.objc; path = main.m; sourceTree = "<group>"; };
		F0BEF7F91BB37CDB006140DB /* AppDelegate.h */ = {isa = PBXFileReference; lastKnownFileType = sourcecode.c.h; path = AppDelegate.h; sourceTree = "<group>"; };
		F0BEF7FA1BB37CDB006140DB /* AppDelegate.m */ = {isa = PBXFileReference; lastKnownFileType = sourcecode.c.objc; path = AppDelegate.m; sourceTree = "<group>"; };
		F0BEF7FC1BB37CDB006140DB /* ViewController.h */ = {isa = PBXFileReference; lastKnownFileType = sourcecode.c.h; path = ViewController.h; sourceTree = "<group>"; };
		F0BEF7FD1BB37CDB006140DB /* ViewController.m */ = {isa = PBXFileReference; lastKnownFileType = sourcecode.c.objc; path = ViewController.m; sourceTree = "<group>"; };
		F0BEF8001BB37CDB006140DB /* Base */ = {isa = PBXFileReference; lastKnownFileType = file.storyboard; name = Base; path = Base.lproj/Main.storyboard; sourceTree = "<group>"; };
		F0BEF8021BB37CDB006140DB /* Images.xcassets */ = {isa = PBXFileReference; lastKnownFileType = folder.assetcatalog; path = Images.xcassets; sourceTree = "<group>"; };
		F0BEF8051BB37CDB006140DB /* Base */ = {isa = PBXFileReference; lastKnownFileType = file.xib; name = Base; path = Base.lproj/LaunchScreen.xib; sourceTree = "<group>"; };
		F0BEF80B1BB37CDB006140DB /* GestureRecognizerTests.xctest */ = {isa = PBXFileReference; explicitFileType = wrapper.cfbundle; includeInIndex = 0; path = GestureRecognizerTests.xctest; sourceTree = BUILT_PRODUCTS_DIR; };
		F0BEF8101BB37CDB006140DB /* Info.plist */ = {isa = PBXFileReference; lastKnownFileType = text.plist.xml; path = Info.plist; sourceTree = "<group>"; };
		F0BEF8111BB37CDB006140DB /* GestureRecognizerTests.m */ = {isa = PBXFileReference; lastKnownFileType = sourcecode.c.objc; path = GestureRecognizerTests.m; sourceTree = "<group>"; };
/* End PBXFileReference section */

/* Begin PBXFrameworksBuildPhase section */
		F0BEF7EF1BB37CDB006140DB /* Frameworks */ = {
			isa = PBXFrameworksBuildPhase;
			buildActionMask = 2147483647;
			files = (
			);
			runOnlyForDeploymentPostprocessing = 0;
		};
		F0BEF8081BB37CDB006140DB /* Frameworks */ = {
			isa = PBXFrameworksBuildPhase;
			buildActionMask = 2147483647;
			files = (
			);
			runOnlyForDeploymentPostprocessing = 0;
		};
/* End PBXFrameworksBuildPhase section */

/* Begin PBXGroup section */
		F0BEF7E91BB37CDB006140DB = {
			isa = PBXGroup;
			children = (
				F0BEF7F41BB37CDB006140DB /* GestureRecognizer */,
				F0BEF80E1BB37CDB006140DB /* GestureRecognizerTests */,
				F0BEF7F31BB37CDB006140DB /* Products */,
			);
			sourceTree = "<group>";
		};
		F0BEF7F31BB37CDB006140DB /* Products */ = {
			isa = PBXGroup;
			children = (
				F0BEF7F21BB37CDB006140DB /* GestureRecognizer.app */,
				F0BEF80B1BB37CDB006140DB /* GestureRecognizerTests.xctest */,
			);
			name = Products;
			sourceTree = "<group>";
		};
		F0BEF7F41BB37CDB006140DB /* GestureRecognizer */ = {
			isa = PBXGroup;
			children = (
				F0BEF7F91BB37CDB006140DB /* AppDelegate.h */,
				F0BEF7FA1BB37CDB006140DB /* AppDelegate.m */,
				F0BEF7FC1BB37CDB006140DB /* ViewController.h */,
				F0BEF7FD1BB37CDB006140DB /* ViewController.m */,
				F0BEF7FF1BB37CDB006140DB /* Main.storyboard */,
				F0BEF8021BB37CDB006140DB /* Images.xcassets */,
				F0BEF8041BB37CDB006140DB /* LaunchScreen.xib */,
				F0BEF7F51BB37CDB006140DB /* Supporting Files */,
			);
			path = GestureRecognizer;
			sourceTree = "<group>";
		};
		F0BEF7F51BB37CDB006140DB /* Supporting Files */ = {
			isa = PBXGroup;
			children = (
				F0BEF7F61BB37CDB006140DB /* Info.plist */,
				F0BEF7F71BB37CDB006140DB /* main.m */,
			);
			name = "Supporting Files";
			sourceTree = "<group>";
		};
		F0BEF80E1BB37CDB006140DB /* GestureRecognizerTests */ = {
			isa = PBXGroup;
			children = (
				F0BEF8111BB37CDB006140DB /* GestureRecognizerTests.m */,
				F0BEF80F1BB37CDB006140DB /* Supporting Files */,
			);
			path = GestureRecognizerTests;
			sourceTree = "<group>";
		};
		F0BEF80F1BB37CDB006140DB /* Supporting Files */ = {
			isa = PBXGroup;
			children = (
				F0BEF8101BB37CDB006140DB /* Info.plist */,
			);
			name = "Supporting Files";
			sourceTree = "<group>";
		};
/* End PBXGroup section */

/* Begin PBXNativeTarget section */
		F0BEF7F11BB37CDB006140DB /* GestureRecognizer */ = {
			isa = PBXNativeTarget;
			buildConfigurationList = F0BEF8151BB37CDB006140DB /* Build configuration list for PBXNativeTarget "GestureRecognizer" */;
			buildPhases = (
				F0BEF7EE1BB37CDB006140DB /* Sources */,
				F0BEF7EF1BB37CDB006140DB /* Frameworks */,
				F0BEF7F01BB37CDB006140DB /* Resources */,
			);
			buildRules = (
			);
			dependencies = (
			);
			name = GestureRecognizer;
			productName = GestureRecognizer;
			productReference = F0BEF7F21BB37CDB006140DB /* GestureRecognizer.app */;
			productType = "com.apple.product-type.application";
		};
		F0BEF80A1BB37CDB006140DB /* GestureRecognizerTests */ = {
			isa = PBXNativeTarget;
			buildConfigurationList = F0BEF8181BB37CDB006140DB /* Build configuration list for PBXNativeTarget "GestureRecognizerTests" */;
			buildPhases = (
				F0BEF8071BB37CDB006140DB /* Sources */,
				F0BEF8081BB37CDB006140DB /* Frameworks */,
				F0BEF8091BB37CDB006140DB /* Resources */,
			);
			buildRules = (
			);
			dependencies = (
				F0BEF80D1BB37CDB006140DB /* PBXTargetDependency */,
			);
			name = GestureRecognizerTests;
			productName = GestureRecognizerTests;
			productReference = F0BEF80B1BB37CDB006140DB /* GestureRecognizerTests.xctest */;
			productType = "com.apple.product-type.bundle.unit-test";
		};
/* End PBXNativeTarget section */

/* Begin PBXProject section */
		F0BEF7EA1BB37CDB006140DB /* Project object */ = {
			isa = PBXProject;
			attributes = {
				LastUpgradeCheck = 0640;
				ORGANIZATIONNAME = "中软mini003";
				TargetAttributes = {
					F0BEF7F11BB37CDB006140DB = {
						CreatedOnToolsVersion = 6.4;
					};
					F0BEF80A1BB37CDB006140DB = {
						CreatedOnToolsVersion = 6.4;
						TestTargetID = F0BEF7F11BB37CDB006140DB;
					};
				};
			};
			buildConfigurationList = F0BEF7ED1BB37CDB006140DB /* Build configuration list for PBXProject "GestureRecognizer" */;
			compatibilityVersion = "Xcode 3.2";
			developmentRegion = English;
			hasScannedForEncodings = 0;
			knownRegions = (
				en,
				Base,
			);
			mainGroup = F0BEF7E91BB37CDB006140DB;
			productRefGroup = F0BEF7F31BB37CDB006140DB /* Products */;
			projectDirPath = "";
			projectRoot = "";
			targets = (
				F0BEF7F11BB37CDB006140DB /* GestureRecognizer */,
				F0BEF80A1BB37CDB006140DB /* GestureRecognizerTests */,
			);
		};
/* End PBXProject section */

/* Begin PBXResourcesBuildPhase section */
		F0BEF7F01BB37CDB006140DB /* Resources */ = {
			isa = PBXResourcesBuildPhase;
			buildActionMask = 2147483647;
			files = (
				F0BEF8011BB37CDB006140DB /* Main.storyboard in Resources */,
				F0BEF8061BB37CDB006140DB /* LaunchScreen.xib in Resources */,
				F0BEF8031BB37CDB006140DB /* Images.xcassets in Resources */,
			);
			runOnlyForDeploymentPostprocessing = 0;
		};
		F0BEF8091BB37CDB006140DB /* Resources */ = {
			isa = PBXResourcesBuildPhase;
			buildActionMask = 2147483647;
			files = (
			);
			runOnlyForDeploymentPostprocessing = 0;
		};
/* End PBXResourcesBuildPhase section */

/* Begin PBXSourcesBuildPhase section */
		F0BEF7EE1BB37CDB006140DB /* Sources */ = {
			isa = PBXSourcesBuildPhase;
			buildActionMask = 2147483647;
			files = (
				F0BEF7FE1BB37CDB006140DB /* ViewController.m in Sources */,
				F0BEF7FB1BB37CDB006140DB /* AppDelegate.m in Sources */,
				F0BEF7F81BB37CDB006140DB /* main.m in Sources */,
			);
			runOnlyForDeploymentPostprocessing = 0;
		};
		F0BEF8071BB37CDB006140DB /* Sources */ = {
			isa = PBXSourcesBuildPhase;
			buildActionMask = 2147483647;
			files = (
				F0BEF8121BB37CDB006140DB /* GestureRecognizerTests.m in Sources */,
			);
			runOnlyForDeploymentPostprocessing = 0;
		};
/* End PBXSourcesBuildPhase section */

/* Begin PBXTargetDependency section */
		F0BEF80D1BB37CDB006140DB /* PBXTargetDependency */ = {
			isa = PBXTargetDependency;
			target = F0BEF7F11BB37CDB006140DB /* GestureRecognizer */;
			targetProxy = F0BEF80C1BB37CDB006140DB /* PBXContainerItemProxy */;
		};
/* End PBXTargetDependency section */

/* Begin PBXVariantGroup section */
		F0BEF7FF1BB37CDB006140DB /* Main.storyboard */ = {
			isa = PBXVariantGroup;
			children = (
				F0BEF8001BB37CDB006140DB /* Base */,
			);
			name = Main.storyboard;
			sourceTree = "<group>";
		};
		F0BEF8041BB37CDB006140DB /* LaunchScreen.xib */ = {
			isa = PBXVariantGroup;
			children = (
				F0BEF8051BB37CDB006140DB /* Base */,
			);
			name = LaunchScreen.xib;
			sourceTree = "<group>";
		};
/* End PBXVariantGroup section */

/* Begin XCBuildConfiguration section */
		F0BEF8131BB37CDB006140DB /* Debug */ = {
			isa = XCBuildConfiguration;
			buildSettings = {
				ALWAYS_SEARCH_USER_PATHS = NO;
				CLANG_CXX_LANGUAGE_STANDARD = "gnu++0x";
				CLANG_CXX_LIBRARY = "libc++";
				CLANG_ENABLE_MODULES = YES;
				CLANG_ENABLE_OBJC_ARC = YES;
				CLANG_WARN_BOOL_CONVERSION = YES;
				CLANG_WARN_CONSTANT_CONVERSION = YES;
				CLANG_WARN_DIRECT_OBJC_ISA_USAGE = YES_ERROR;
				CLANG_WARN_EMPTY_BODY = YES;
				CLANG_WARN_ENUM_CONVERSION = YES;
				CLANG_WARN_INT_CONVERSION = YES;
				CLANG_WARN_OBJC_ROOT_CLASS = YES_ERROR;
				CLANG_WARN_UNREACHABLE_CODE = YES;
				CLANG_WARN__DUPLICATE_METHOD_MATCH = YES;
				"CODE_SIGN_IDENTITY[sdk=iphoneos*]" = "iPhone Developer";
				COPY_PHASE_STRIP = NO;
				DEBUG_INFORMATION_FORMAT = "dwarf-with-dsym";
				ENABLE_STRICT_OBJC_MSGSEND = YES;
				GCC_C_LANGUAGE_STANDARD = gnu99;
				GCC_DYNAMIC_NO_PIC = NO;
				GCC_NO_COMMON_BLOCKS = YES;
				GCC_OPTIMIZATION_LEVEL = 0;
				GCC_PREPROCESSOR_DEFINITIONS = (
					"DEBUG=1",
					"$(inherited)",
				);
				GCC_SYMBOLS_PRIVATE_EXTERN = NO;
				GCC_WARN_64_TO_32_BIT_CONVERSION = YES;
				GCC_WARN_ABOUT_RETURN_TYPE = YES_ERROR;
				GCC_WARN_UNDECLARED_SELECTOR = YES;
				GCC_WARN_UNINITIALIZED_AUTOS = YES_AGGRESSIVE;
				GCC_WARN_UNUSED_FUNCTION = YES;
				GCC_WARN_UNUSED_VARIABLE = YES;
				IPHONEOS_DEPLOYMENT_TARGET = 8.4;
				MTL_ENABLE_DEBUG_INFO = YES;
				ONLY_ACTIVE_ARCH = YES;
				SDKROOT = iphoneos;
				TARGETED_DEVICE_FAMILY = "1,2";
			};
			name = Debug;
		};
		F0BEF8141BB37CDB006140DB /* Release */ = {
			isa = XCBuildConfiguration;
			buildSettings = {
				ALWAYS_SEARCH_USER_PATHS = NO;
				CLANG_CXX_LANGUAGE_STANDARD = "gnu++0x";
				CLANG_CXX_LIBRARY = "libc++";
				CLANG_ENABLE_MODULES = YES;
				CLANG_ENABLE_OBJC_ARC = YES;
				CLANG_WARN_BOOL_CONVERSION = YES;
				CLANG_WARN_CONSTANT_CONVERSION = YES;
				CLANG_WARN_DIRECT_OBJC_ISA_USAGE = YES_ERROR;
				CLANG_WARN_EMPTY_BODY = YES;
				CLANG_WARN_ENUM_CONVERSION = YES;
				CLANG_WARN_INT_CONVERSION = YES;
				CLANG_WARN_OBJC_ROOT_CLASS = YES_ERROR;
				CLANG_WARN_UNREACHABLE_CODE = YES;
				CLANG_WARN__DUPLICATE_METHOD_MATCH = YES;
				"CODE_SIGN_IDENTITY[sdk=iphoneos*]" = "iPhone Developer";
				COPY_PHASE_STRIP = NO;
				DEBUG_INFORMATION_FORMAT = "dwarf-with-dsym";
				ENABLE_NS_ASSERTIONS = NO;
				ENABLE_STRICT_OBJC_MSGSEND = YES;
				GCC_C_LANGUAGE_STANDARD = gnu99;
				GCC_NO_COMMON_BLOCKS = YES;
				GCC_WARN_64_TO_32_BIT_CONVERSION = YES;
				GCC_WARN_ABOUT_RETURN_TYPE = YES_ERROR;
				GCC_WARN_UNDECLARED_SELECTOR = YES;
				GCC_WARN_UNINITIALIZED_AUTOS = YES_AGGRESSIVE;
				GCC_WARN_UNUSED_FUNCTION = YES;
				GCC_WARN_UNUSED_VARIABLE = YES;
				IPHONEOS_DEPLOYMENT_TARGET = 8.4;
				MTL_ENABLE_DEBUG_INFO = NO;
				SDKROOT = iphoneos;
				TARGETED_DEVICE_FAMILY = "1,2";
				VALIDATE_PRODUCT = YES;
			};
			name = Release;
		};
		F0BEF8161BB37CDB006140DB /* Debug */ = {
			isa = XCBuildConfiguration;
			buildSettings = {
				ASSETCATALOG_COMPILER_APPICON_NAME = AppIcon;
				INFOPLIST_FILE = GestureRecognizer/Info.plist;
				LD_RUNPATH_SEARCH_PATHS = "$(inherited) @executable_path/Frameworks";
				PRODUCT_NAME = "$(TARGET_NAME)";
			};
			name = Debug;
		};
		F0BEF8171BB37CDB006140DB /* Release */ = {
			isa = XCBuildConfiguration;
			buildSettings = {
				ASSETCATALOG_COMPILER_APPICON_NAME = AppIcon;
				INFOPLIST_FILE = GestureRecognizer/Info.plist;
				LD_RUNPATH_SEARCH_PATHS = "$(inherited) @executable_path/Frameworks";
				PRODUCT_NAME = "$(TARGET_NAME)";
			};
			name = Release;
		};
		F0BEF8191BB37CDB006140DB /* Debug */ = {
			isa = XCBuildConfiguration;
			buildSettings = {
				BUNDLE_LOADER = "$(TEST_HOST)";
				FRAMEWORK_SEARCH_PATHS = (
					"$(SDKROOT)/Developer/Library/Frameworks",
					"$(inherited)",
				);
				GCC_PREPROCESSOR_DEFINITIONS = (
					"DEBUG=1",
					"$(inherited)",
				);
				INFOPLIST_FILE = GestureRecognizerTests/Info.plist;
				LD_RUNPATH_SEARCH_PATHS = "$(inherited) @executable_path/Frameworks @loader_path/Frameworks";
				PRODUCT_NAME = "$(TARGET_NAME)";
				TEST_HOST = "$(BUILT_PRODUCTS_DIR)/GestureRecognizer.app/GestureRecognizer";
			};
			name = Debug;
		};
		F0BEF81A1BB37CDB006140DB /* Release */ = {
			isa = XCBuildConfiguration;
			buildSettings = {
				BUNDLE_LOADER = "$(TEST_HOST)";
				FRAMEWORK_SEARCH_PATHS = (
					"$(SDKROOT)/Developer/Library/Frameworks",
					"$(inherited)",
				);
				INFOPLIST_FILE = GestureRecognizerTests/Info.plist;
				LD_RUNPATH_SEARCH_PATHS = "$(inherited) @executable_path/Frameworks @loader_path/Frameworks";
				PRODUCT_NAME = "$(TARGET_NAME)";
				TEST_HOST = "$(BUILT_PRODUCTS_DIR)/GestureRecognizer.app/GestureRecognizer";
			};
			name = Release;
		};
/* End XCBuildConfiguration section */

/* Begin XCConfigurationList section */
		F0BEF7ED1BB37CDB006140DB /* Build configuration list for PBXProject "GestureRecognizer" */ = {
			isa = XCConfigurationList;
			buildConfigurations = (
				F0BEF8131BB37CDB006140DB /* Debug */,
				F0BEF8141BB37CDB006140DB /* Release */,
			);
			defaultConfigurationIsVisible = 0;
			defaultConfigurationName = Release;
		};
		F0BEF8151BB37CDB006140DB /* Build configuration list for PBXNativeTarget "GestureRecognizer" */ = {
			isa = XCConfigurationList;
			buildConfigurations = (
				F0BEF8161BB37CDB006140DB /* Debug */,
				F0BEF8171BB37CDB006140DB /* Release */,
			);
			defaultConfigurationIsVisible = 0;
		};
		F0BEF8181BB37CDB006140DB /* Build configuration list for PBXNativeTarget "GestureRecognizerTests" */ = {
			isa = XCConfigurationList;
			buildConfigurations = (
				F0BEF8191BB37CDB006140DB /* Debug */,
				F0BEF81A1BB37CDB006140DB /* Release */,
			);
			defaultConfigurationIsVisible = 0;
		};
/* End XCConfigurationList section */
	};
	rootObject = F0BEF7EA1BB37CDB006140DB /* Project object */;
}
